
Microsoft Visual Studio Solution File, Format Version 12.00
# Visual Studio Version 17
VisualStudioVersion = 17.12.35527.113 d17.12
MinimumVisualStudioVersion = 10.0.40219.1
Project("{2150E333-8FDC-42A3-9474-1A3956D46DE8}") = "Src", "Src", "{DBA0F81C-285A-4CF8-A4CF-4410EAE78066}"
EndProject
Project("{2150E333-8FDC-42A3-9474-1A3956D46DE8}") = "Test", "Test", "{D4DB5267-FA32-45FB-A55A-84A8633F464A}"
EndProject
Project("{2150E333-8FDC-42A3-9474-1A3956D46DE8}") = "Doc", "Doc", "{BF9ACC4F-9876-4249-89D3-8DAA62D5E88D}"
EndProject
Project("{2150E333-8FDC-42A3-9474-1A3956D46DE8}") = "Common", "Common", "{3AE266DF-5254-41B9-B34B-B407DFA765DD}"
EndProject
Project("{2150E333-8FDC-42A3-9474-1A3956D46DE8}") = "Core", "Core", "{0FBC5B9D-5192-4AF9-8A31-114E96E70190}"
EndProject
Project("{2150E333-8FDC-42A3-9474-1A3956D46DE8}") = "Infrastructure", "Infrastructure", "{4FA43F0E-9C0F-474C-8A47-156DD92BCB31}"
EndProject
Project("{2150E333-8FDC-42A3-9474-1A3956D46DE8}") = "Presentation", "Presentation", "{F44D1BA4-BBA8-40A6-99F2-2D13C0094977}"
EndProject
Project("{FAE04EC0-301F-11D3-BF4B-00C04F79EFBC}") = "OnlineShop.Common", "Src\Common\OnlineShop.Common\OnlineShop.Common.csproj", "{C25351AB-0B88-4FE7-BDA2-08AB68E604DD}"
EndProject
Project("{FAE04EC0-301F-11D3-BF4B-00C04F79EFBC}") = "OnlineShop.Domain", "Src\Core\OnlineShop.Domain\OnlineShop.Domain.csproj", "{F97EA1CA-E955-49E9-9A82-2F752BA856A6}"
EndProject
Project("{FAE04EC0-301F-11D3-BF4B-00C04F79EFBC}") = "OnlineShop.Application", "Src\Core\OnlineShop.Application\OnlineShop.Application.csproj", "{83F360BF-A08A-4A6A-8D03-23C970E1AB40}"
EndProject
Project("{FAE04EC0-301F-11D3-BF4B-00C04F79EFBC}") = "OnlineShop.Infrastructure", "Src\Infrastructure\OnlineShop.Infrastructure\OnlineShop.Infrastructure.csproj", "{459AD26F-904B-4A94-9C1D-387DD2BEA91F}"
EndProject
Project("{FAE04EC0-301F-11D3-BF4B-00C04F79EFBC}") = "OnlineShop.Persistence", "Src\Infrastructure\OnlineShop.Persistence\OnlineShop.Persistence.csproj", "{835D3C14-F11A-41FD-8AF3-CDEDCEAC6119}"
EndProject
Project("{FAE04EC0-301F-11D3-BF4B-00C04F79EFBC}") = "EndPoint", "Src\Presentation\EndPoint\EndPoint.csproj", "{0DB544DD-902D-4B04-9970-58BE01474187}"
EndProject
Global
	GlobalSection(SolutionConfigurationPlatforms) = preSolution
		Debug|Any CPU = Debug|Any CPU
		Release|Any CPU = Release|Any CPU
	EndGlobalSection
	GlobalSection(ProjectConfigurationPlatforms) = postSolution
		{C25351AB-0B88-4FE7-BDA2-08AB68E604DD}.Debug|Any CPU.ActiveCfg = Debug|Any CPU
		{C25351AB-0B88-4FE7-BDA2-08AB68E604DD}.Debug|Any CPU.Build.0 = Debug|Any CPU
		{C25351AB-0B88-4FE7-BDA2-08AB68E604DD}.Release|Any CPU.ActiveCfg = Release|Any CPU
		{C25351AB-0B88-4FE7-BDA2-08AB68E604DD}.Release|Any CPU.Build.0 = Release|Any CPU
		{F97EA1CA-E955-49E9-9A82-2F752BA856A6}.Debug|Any CPU.ActiveCfg = Debug|Any CPU
		{F97EA1CA-E955-49E9-9A82-2F752BA856A6}.Debug|Any CPU.Build.0 = Debug|Any CPU
		{F97EA1CA-E955-49E9-9A82-2F752BA856A6}.Release|Any CPU.ActiveCfg = Release|Any CPU
		{F97EA1CA-E955-49E9-9A82-2F752BA856A6}.Release|Any CPU.Build.0 = Release|Any CPU
		{83F360BF-A08A-4A6A-8D03-23C970E1AB40}.Debug|Any CPU.ActiveCfg = Debug|Any CPU
		{83F360BF-A08A-4A6A-8D03-23C970E1AB40}.Debug|Any CPU.Build.0 = Debug|Any CPU
		{83F360BF-A08A-4A6A-8D03-23C970E1AB40}.Release|Any CPU.ActiveCfg = Release|Any CPU
		{83F360BF-A08A-4A6A-8D03-23C970E1AB40}.Release|Any CPU.Build.0 = Release|Any CPU
		{459AD26F-904B-4A94-9C1D-387DD2BEA91F}.Debug|Any CPU.ActiveCfg = Debug|Any CPU
		{459AD26F-904B-4A94-9C1D-387DD2BEA91F}.Debug|Any CPU.Build.0 = Debug|Any CPU
		{459AD26F-904B-4A94-9C1D-387DD2BEA91F}.Release|Any CPU.ActiveCfg = Release|Any CPU
		{459AD26F-904B-4A94-9C1D-387DD2BEA91F}.Release|Any CPU.Build.0 = Release|Any CPU
		{835D3C14-F11A-41FD-8AF3-CDEDCEAC6119}.Debug|Any CPU.ActiveCfg = Debug|Any CPU
		{835D3C14-F11A-41FD-8AF3-CDEDCEAC6119}.Debug|Any CPU.Build.0 = Debug|Any CPU
		{835D3C14-F11A-41FD-8AF3-CDEDCEAC6119}.Release|Any CPU.ActiveCfg = Release|Any CPU
		{835D3C14-F11A-41FD-8AF3-CDEDCEAC6119}.Release|Any CPU.Build.0 = Release|Any CPU
		{0DB544DD-902D-4B04-9970-58BE01474187}.Debug|Any CPU.ActiveCfg = Debug|Any CPU
		{0DB544DD-902D-4B04-9970-58BE01474187}.Debug|Any CPU.Build.0 = Debug|Any CPU
		{0DB544DD-902D-4B04-9970-58BE01474187}.Release|Any CPU.ActiveCfg = Release|Any CPU
		{0DB544DD-902D-4B04-9970-58BE01474187}.Release|Any CPU.Build.0 = Release|Any CPU
	EndGlobalSection
	GlobalSection(SolutionProperties) = preSolution
		HideSolutionNode = FALSE
	EndGlobalSection
	GlobalSection(NestedProjects) = preSolution
		{3AE266DF-5254-41B9-B34B-B407DFA765DD} = {DBA0F81C-285A-4CF8-A4CF-4410EAE78066}
		{0FBC5B9D-5192-4AF9-8A31-114E96E70190} = {DBA0F81C-285A-4CF8-A4CF-4410EAE78066}
		{4FA43F0E-9C0F-474C-8A47-156DD92BCB31} = {DBA0F81C-285A-4CF8-A4CF-4410EAE78066}
		{F44D1BA4-BBA8-40A6-99F2-2D13C0094977} = {DBA0F81C-285A-4CF8-A4CF-4410EAE78066}
		{C25351AB-0B88-4FE7-BDA2-08AB68E604DD} = {3AE266DF-5254-41B9-B34B-B407DFA765DD}
		{F97EA1CA-E955-49E9-9A82-2F752BA856A6} = {0FBC5B9D-5192-4AF9-8A31-114E96E70190}
		{83F360BF-A08A-4A6A-8D03-23C970E1AB40} = {0FBC5B9D-5192-4AF9-8A31-114E96E70190}
		{459AD26F-904B-4A94-9C1D-387DD2BEA91F} = {4FA43F0E-9C0F-474C-8A47-156DD92BCB31}
		{835D3C14-F11A-41FD-8AF3-CDEDCEAC6119} = {4FA43F0E-9C0F-474C-8A47-156DD92BCB31}
		{0DB544DD-902D-4B04-9970-58BE01474187} = {F44D1BA4-BBA8-40A6-99F2-2D13C0094977}
	EndGlobalSection
EndGlobal
